
Microsoft Visual Studio Solution File, Format Version 12.00
# Visual Studio Version 17
VisualStudioVersion = 17.1.32421.90
MinimumVisualStudioVersion = 10.0.40219.1
Project("{FAE04EC0-301F-11D3-BF4B-00C04F79EFBC}") = "WebMongoDB", "WebMongoDB\WebMongoDB.csproj", "{D8CE420A-8D89-4786-9652-C768169BE1F1}"
EndProject
Global
	GlobalSection(SolutionConfigurationPlatforms) = preSolution
		Debug|Any CPU = Debug|Any CPU
		Release|Any CPU = Release|Any CPU
	EndGlobalSection
	GlobalSection(ProjectConfigurationPlatforms) = postSolution
		{D8CE420A-8D89-4786-9652-C768169BE1F1}.Debug|Any CPU.ActiveCfg = Debug|Any CPU
		{D8CE420A-8D89-4786-9652-C768169BE1F1}.Debug|Any CPU.Build.0 = Debug|Any CPU
		{D8CE420A-8D89-4786-9652-C768169BE1F1}.Release|Any CPU.ActiveCfg = Release|Any CPU
		{D8CE420A-8D89-4786-9652-C768169BE1F1}.Release|Any CPU.Build.0 = Release|Any CPU
	EndGlobalSection
	GlobalSection(SolutionProperties) = preSolution
		HideSolutionNode = FALSE
	EndGlobalSection
	GlobalSection(ExtensibilityGlobals) = postSolution
		SolutionGuid = {5F855E3E-CD50-44BD-B678-F31AF06D3533}
	EndGlobalSection
EndGlobal
